
Microsoft Visual Studio Solution File, Format Version 12.00
# Visual Studio 2013
VisualStudioVersion = 12.0.21005.1
MinimumVisualStudioVersion = 10.0.40219.1
Project("{FAE04EC0-301F-11D3-BF4B-00C04F79EFBC}") = "Department Using Layer Arch App", "Department Using Layer Arch App.csproj", "{DDD3B162-A2FA-42E1-955C-0A338D595CF5}"
EndProject
Global
	GlobalSection(SolutionConfigurationPlatforms) = preSolution
		Debug|Any CPU = Debug|Any CPU
		Release|Any CPU = Release|Any CPU
	EndGlobalSection
	GlobalSection(ProjectConfigurationPlatforms) = postSolution
		{DDD3B162-A2FA-42E1-955C-0A338D595CF5}.Debug|Any CPU.ActiveCfg = Debug|Any CPU
		{DDD3B162-A2FA-42E1-955C-0A338D595CF5}.Debug|Any CPU.Build.0 = Debug|Any CPU
		{DDD3B162-A2FA-42E1-955C-0A338D595CF5}.Release|Any CPU.ActiveCfg = Release|Any CPU
		{DDD3B162-A2FA-42E1-955C-0A338D595CF5}.Release|Any CPU.Build.0 = Release|Any CPU
	EndGlobalSection
	GlobalSection(SolutionProperties) = preSolution
		HideSolutionNode = FALSE
	EndGlobalSection
EndGlobal
